// !$*UTF8*$!
{
	archiveVersion = 1;
	classes = {
	};
	objectVersion = 77;
	objects = {

/* Begin PBXBuildFile section */
		3B01A02BB20362E2ABA24740 /* RootView.swift in Sources */ = {isa = PBXBuildFile; fileRef = A2C008E8634A866241725078 /* RootView.swift */; };
		456C53963B2170120835AD17 /* AppContainer.swift in Sources */ = {isa = PBXBuildFile; fileRef = 8D867082D7B5BDE098D384EF /* AppContainer.swift */; };
		48487DD49CF667873AD5BE31 /* GrapesFeature in Frameworks */ = {isa = PBXBuildFile; productRef = F4D18D39032AFB8A96FF75E8 /* GrapesFeature */; };
		4D978DAA4D9220B3A1E5F9A6 /* CataARApp.swift in Sources */ = {isa = PBXBuildFile; fileRef = E9CC21FAB01A5D4E319F8824 /* CataARApp.swift */; };
		65ADAEBBF8D7FC702ECF4F60 /* Data in Frameworks */ = {isa = PBXBuildFile; productRef = 93A8C14852D40EC9BD5BB59E /* Data */; };
		6B5DC253BA5B7DC1B809C766 /* Domain in Frameworks */ = {isa = PBXBuildFile; productRef = AEA46788772B46C7C0EA6B0F /* Domain */; };
		9E22B65D9935C4443D17CA75 /* ContentBundle in Frameworks */ = {isa = PBXBuildFile; productRef = D6B41E0FDE10490E631AC676 /* ContentBundle */; };
		FB5124068A1FD80BFF7FDF42 /* DesignSystem in Frameworks */ = {isa = PBXBuildFile; productRef = 6B6F0B5023BF306436F0E7DA /* DesignSystem */; };
/* End PBXBuildFile section */

/* Begin PBXContainerItemProxy section */
		4381AA6DF4B32171F7644CC4 /* PBXContainerItemProxy */ = {
			isa = PBXContainerItemProxy;
			containerPortal = 841F21006B9E5EB267DA4433 /* Project object */;
			proxyType = 1;
			remoteGlobalIDString = F02E8A1C46ECAC5262EBB13F;
			remoteInfo = CataAR;
		};
/* End PBXContainerItemProxy section */

/* Begin PBXFileReference section */
		86F2396D0F14949F9AC0ED0D /* CataKit */ = {isa = PBXFileReference; lastKnownFileType = folder; name = CataKit; path = CataKit; sourceTree = SOURCE_ROOT; };
		8D867082D7B5BDE098D384EF /* AppContainer.swift */ = {isa = PBXFileReference; lastKnownFileType = sourcecode.swift; path = AppContainer.swift; sourceTree = "<group>"; };
		A2C008E8634A866241725078 /* RootView.swift */ = {isa = PBXFileReference; lastKnownFileType = sourcecode.swift; path = RootView.swift; sourceTree = "<group>"; };
		A4AC4D20662AE758CED00585 /* CataAR.app */ = {isa = PBXFileReference; includeInIndex = 0; lastKnownFileType = wrapper.application; path = CataAR.app; sourceTree = BUILT_PRODUCTS_DIR; };
		E9CC21FAB01A5D4E319F8824 /* CataARApp.swift */ = {isa = PBXFileReference; lastKnownFileType = sourcecode.swift; path = CataARApp.swift; sourceTree = "<group>"; };
		FB0AB1DD9B7B2AE0EA1673EB /* CataARUITests.xctest */ = {isa = PBXFileReference; includeInIndex = 0; lastKnownFileType = wrapper.cfbundle; path = CataARUITests.xctest; sourceTree = BUILT_PRODUCTS_DIR; };
/* End PBXFileReference section */

/* Begin PBXFrameworksBuildPhase section */
		64C686988856BAF6239E7881 /* Frameworks */ = {
			isa = PBXFrameworksBuildPhase;
			buildActionMask = 2147483647;
			files = (
				6B5DC253BA5B7DC1B809C766 /* Domain in Frameworks */,
				65ADAEBBF8D7FC702ECF4F60 /* Data in Frameworks */,
				9E22B65D9935C4443D17CA75 /* ContentBundle in Frameworks */,
				FB5124068A1FD80BFF7FDF42 /* DesignSystem in Frameworks */,
				48487DD49CF667873AD5BE31 /* GrapesFeature in Frameworks */,
			);
			runOnlyForDeploymentPostprocessing = 0;
		};
/* End PBXFrameworksBuildPhase section */

/* Begin PBXGroup section */
		18BF50442729BC725D9E09B4 = {
			isa = PBXGroup;
			children = (
				89420E7DC10C898703E67788 /* App */,
				65868175E9FC69F76D8F58F6 /* CataARUITests */,
				E9CDF4A1575135A6ECDFD0C5 /* Packages */,
				CD157A26DA2ABBACF6EAFDFD /* Products */,
			);
			sourceTree = "<group>";
		};
		65868175E9FC69F76D8F58F6 /* CataARUITests */ = {
			isa = PBXGroup;
			children = (
			);
			path = CataARUITests;
			sourceTree = "<group>";
		};
		89420E7DC10C898703E67788 /* App */ = {
			isa = PBXGroup;
			children = (
				8D867082D7B5BDE098D384EF /* AppContainer.swift */,
				E9CC21FAB01A5D4E319F8824 /* CataARApp.swift */,
				A2C008E8634A866241725078 /* RootView.swift */,
			);
			path = App;
			sourceTree = "<group>";
		};
		CD157A26DA2ABBACF6EAFDFD /* Products */ = {
			isa = PBXGroup;
			children = (
				A4AC4D20662AE758CED00585 /* CataAR.app */,
				FB0AB1DD9B7B2AE0EA1673EB /* CataARUITests.xctest */,
			);
			name = Products;
			sourceTree = "<group>";
		};
		E9CDF4A1575135A6ECDFD0C5 /* Packages */ = {
			isa = PBXGroup;
			children = (
				86F2396D0F14949F9AC0ED0D /* CataKit */,
			);
			name = Packages;
			sourceTree = "<group>";
		};
/* End PBXGroup section */

/* Begin PBXNativeTarget section */
		5DA0A79C1B62805B2A1CD62E /* CataARUITests */ = {
			isa = PBXNativeTarget;
			buildConfigurationList = CDA1FCD1EEEB78C4E0521D3B /* Build configuration list for PBXNativeTarget "CataARUITests" */;
			buildPhases = (
				5A81A0CD152DCCA07EEB3812 /* Sources */,
			);
			buildRules = (
			);
			dependencies = (
				67937A06E01993D367031CC5 /* PBXTargetDependency */,
			);
			name = CataARUITests;
			packageProductDependencies = (
			);
			productName = CataARUITests;
			productReference = FB0AB1DD9B7B2AE0EA1673EB /* CataARUITests.xctest */;
			productType = "com.apple.product-type.bundle.ui-testing";
		};
		F02E8A1C46ECAC5262EBB13F /* CataAR */ = {
			isa = PBXNativeTarget;
			buildConfigurationList = D8F1319B39838F2FB54CC45B /* Build configuration list for PBXNativeTarget "CataAR" */;
			buildPhases = (
				2FDA520D2A293F330735F4D4 /* Sources */,
				64C686988856BAF6239E7881 /* Frameworks */,
			);
			buildRules = (
			);
			dependencies = (
			);
			name = CataAR;
			packageProductDependencies = (
				AEA46788772B46C7C0EA6B0F /* Domain */,
				93A8C14852D40EC9BD5BB59E /* Data */,
				D6B41E0FDE10490E631AC676 /* ContentBundle */,
				6B6F0B5023BF306436F0E7DA /* DesignSystem */,
				F4D18D39032AFB8A96FF75E8 /* GrapesFeature */,
			);
			productName = CataAR;
			productReference = A4AC4D20662AE758CED00585 /* CataAR.app */;
			productType = "com.apple.product-type.application";
		};
/* End PBXNativeTarget section */

/* Begin PBXProject section */
		841F21006B9E5EB267DA4433 /* Project object */ = {
			isa = PBXProject;
			attributes = {
				BuildIndependentTargetsInParallel = YES;
				LastUpgradeCheck = 1430;
				TargetAttributes = {
					5DA0A79C1B62805B2A1CD62E = {
						TestTargetID = F02E8A1C46ECAC5262EBB13F;
					};
				};
			};
			buildConfigurationList = 480AE0F0433B0FA731E0B8F0 /* Build configuration list for PBXProject "CataAR" */;
			developmentRegion = es;
			hasScannedForEncodings = 0;
			knownRegions = (
				Base,
				es,
			);
			mainGroup = 18BF50442729BC725D9E09B4;
			minimizedProjectReferenceProxies = 1;
			packageReferences = (
				918B374A3FF2A1CD3D083607 /* XCLocalSwiftPackageReference "CataKit" */,
			);
			preferredProjectObjectVersion = 77;
			productRefGroup = CD157A26DA2ABBACF6EAFDFD /* Products */;
			projectDirPath = "";
			projectRoot = "";
			targets = (
				F02E8A1C46ECAC5262EBB13F /* CataAR */,
				5DA0A79C1B62805B2A1CD62E /* CataARUITests */,
			);
		};
/* End PBXProject section */

/* Begin PBXSourcesBuildPhase section */
		2FDA520D2A293F330735F4D4 /* Sources */ = {
			isa = PBXSourcesBuildPhase;
			buildActionMask = 2147483647;
			files = (
				456C53963B2170120835AD17 /* AppContainer.swift in Sources */,
				4D978DAA4D9220B3A1E5F9A6 /* CataARApp.swift in Sources */,
				3B01A02BB20362E2ABA24740 /* RootView.swift in Sources */,
			);
			runOnlyForDeploymentPostprocessing = 0;
		};
		5A81A0CD152DCCA07EEB3812 /* Sources */ = {
			isa = PBXSourcesBuildPhase;
			buildActionMask = 2147483647;
			files = (
			);
			runOnlyForDeploymentPostprocessing = 0;
		};
/* End PBXSourcesBuildPhase section */

/* Begin PBXTargetDependency section */
		67937A06E01993D367031CC5 /* PBXTargetDependency */ = {
			isa = PBXTargetDependency;
			target = F02E8A1C46ECAC5262EBB13F /* CataAR */;
			targetProxy = 4381AA6DF4B32171F7644CC4 /* PBXContainerItemProxy */;
		};
/* End PBXTargetDependency section */

/* Begin XCBuildConfiguration section */
		25255A06FBB79F451252AF45 /* Debug */ = {
			isa = XCBuildConfiguration;
			buildSettings = {
				ASSETCATALOG_COMPILER_APPICON_NAME = AppIcon;
				CODE_SIGN_IDENTITY = "iPhone Developer";
				GENERATE_INFOPLIST_FILE = YES;
				INFOPLIST_KEY_UIApplicationSceneManifest_Generation = YES;
				INFOPLIST_KEY_UILaunchScreen_Generation = YES;
				INFOPLIST_KEY_UISupportedInterfaceOrientations = UIInterfaceOrientationPortrait;
				IPHONEOS_DEPLOYMENT_TARGET = 26.0;
				LD_RUNPATH_SEARCH_PATHS = (
					"$(inherited)",
					"@executable_path/Frameworks",
				);
				PRODUCT_BUNDLE_IDENTIFIER = com.ibalborde.CataAR;
				SDKROOT = iphoneos;
				SWIFT_VERSION = 6.0;
				TARGETED_DEVICE_FAMILY = "1,2";
			};
			name = Debug;
		};
		30D53BE209163CF3CCD39E88 /* Debug */ = {
			isa = XCBuildConfiguration;
			buildSettings = {
				BUNDLE_LOADER = "$(TEST_HOST)";
				GENERATE_INFOPLIST_FILE = YES;
				IPHONEOS_DEPLOYMENT_TARGET = 26.0;
				LD_RUNPATH_SEARCH_PATHS = (
					"$(inherited)",
					"@executable_path/Frameworks",
					"@loader_path/Frameworks",
				);
				PRODUCT_BUNDLE_IDENTIFIER = com.ibalborde.CataARUITests;
				SDKROOT = iphoneos;
				SWIFT_VERSION = 6.0;
				TARGETED_DEVICE_FAMILY = "1,2";
				TEST_TARGET_NAME = CataAR;
			};
			name = Debug;
		};
		99792864CE3D26ED329A2EB4 /* Release */ = {
			isa = XCBuildConfiguration;
			buildSettings = {
				ALWAYS_SEARCH_USER_PATHS = NO;
				CLANG_ANALYZER_NONNULL = YES;
				CLANG_ANALYZER_NUMBER_OBJECT_CONVERSION = YES_AGGRESSIVE;
				CLANG_CXX_LANGUAGE_STANDARD = "gnu++14";
				CLANG_CXX_LIBRARY = "libc++";
				CLANG_ENABLE_MODULES = YES;
				CLANG_ENABLE_OBJC_ARC = YES;
				CLANG_ENABLE_OBJC_WEAK = YES;
				CLANG_WARN_BLOCK_CAPTURE_AUTORELEASING = YES;
				CLANG_WARN_BOOL_CONVERSION = YES;
				CLANG_WARN_COMMA = YES;
				CLANG_WARN_CONSTANT_CONVERSION = YES;
				CLANG_WARN_DEPRECATED_OBJC_IMPLEMENTATIONS = YES;
				CLANG_WARN_DIRECT_OBJC_ISA_USAGE = YES_ERROR;
				CLANG_WARN_DOCUMENTATION_COMMENTS = YES;
				CLANG_WARN_EMPTY_BODY = YES;
				CLANG_WARN_ENUM_CONVERSION = YES;
				CLANG_WARN_INFINITE_RECURSION = YES;
				CLANG_WARN_INT_CONVERSION = YES;
				CLANG_WARN_NON_LITERAL_NULL_CONVERSION = YES;
				CLANG_WARN_OBJC_IMPLICIT_RETAIN_SELF = YES;
				CLANG_WARN_OBJC_LITERAL_CONVERSION = YES;
				CLANG_WARN_OBJC_ROOT_CLASS = YES_ERROR;
				CLANG_WARN_QUOTED_INCLUDE_IN_FRAMEWORK_HEADER = YES;
				CLANG_WARN_RANGE_LOOP_ANALYSIS = YES;
				CLANG_WARN_STRICT_PROTOTYPES = YES;
				CLANG_WARN_SUSPICIOUS_MOVE = YES;
				CLANG_WARN_UNGUARDED_AVAILABILITY = YES_AGGRESSIVE;
				CLANG_WARN_UNREACHABLE_CODE = YES;
				CLANG_WARN__DUPLICATE_METHOD_MATCH = YES;
				COPY_PHASE_STRIP = NO;
				DEBUG_INFORMATION_FORMAT = "dwarf-with-dsym";
				ENABLE_NS_ASSERTIONS = NO;
				ENABLE_STRICT_OBJC_MSGSEND = YES;
				GCC_C_LANGUAGE_STANDARD = gnu11;
				GCC_NO_COMMON_BLOCKS = YES;
				GCC_WARN_64_TO_32_BIT_CONVERSION = YES;
				GCC_WARN_ABOUT_RETURN_TYPE = YES_ERROR;
				GCC_WARN_UNDECLARED_SELECTOR = YES;
				GCC_WARN_UNINITIALIZED_AUTOS = YES_AGGRESSIVE;
				GCC_WARN_UNUSED_FUNCTION = YES;
				GCC_WARN_UNUSED_VARIABLE = YES;
				IPHONEOS_DEPLOYMENT_TARGET = 26.0;
				MTL_ENABLE_DEBUG_INFO = NO;
				MTL_FAST_MATH = YES;
				PRODUCT_NAME = "$(TARGET_NAME)";
				SDKROOT = iphoneos;
				SWIFT_COMPILATION_MODE = wholemodule;
				SWIFT_OPTIMIZATION_LEVEL = "-O";
				SWIFT_VERSION = 5.0;
			};
			name = Release;
		};
		ABF7CF6B7F9362F91CBC68E5 /* Release */ = {
			isa = XCBuildConfiguration;
			buildSettings = {
				BUNDLE_LOADER = "$(TEST_HOST)";
				GENERATE_INFOPLIST_FILE = YES;
				IPHONEOS_DEPLOYMENT_TARGET = 26.0;
				LD_RUNPATH_SEARCH_PATHS = (
					"$(inherited)",
					"@executable_path/Frameworks",
					"@loader_path/Frameworks",
				);
				PRODUCT_BUNDLE_IDENTIFIER = com.ibalborde.CataARUITests;
				SDKROOT = iphoneos;
				SWIFT_VERSION = 6.0;
				TARGETED_DEVICE_FAMILY = "1,2";
				TEST_TARGET_NAME = CataAR;
			};
			name = Release;
		};
		D7E339AEF9383F399186B39E /* Release */ = {
			isa = XCBuildConfiguration;
			buildSettings = {
				ASSETCATALOG_COMPILER_APPICON_NAME = AppIcon;
				CODE_SIGN_IDENTITY = "iPhone Developer";
				GENERATE_INFOPLIST_FILE = YES;
				INFOPLIST_KEY_UIApplicationSceneManifest_Generation = YES;
				INFOPLIST_KEY_UILaunchScreen_Generation = YES;
				INFOPLIST_KEY_UISupportedInterfaceOrientations = UIInterfaceOrientationPortrait;
				IPHONEOS_DEPLOYMENT_TARGET = 26.0;
				LD_RUNPATH_SEARCH_PATHS = (
					"$(inherited)",
					"@executable_path/Frameworks",
				);
				PRODUCT_BUNDLE_IDENTIFIER = com.ibalborde.CataAR;
				SDKROOT = iphoneos;
				SWIFT_VERSION = 6.0;
				TARGETED_DEVICE_FAMILY = "1,2";
			};
			name = Release;
		};
		E115AEA609E3093258C96603 /* Debug */ = {
			isa = XCBuildConfiguration;
			buildSettings = {
				ALWAYS_SEARCH_USER_PATHS = NO;
				CLANG_ANALYZER_NONNULL = YES;
				CLANG_ANALYZER_NUMBER_OBJECT_CONVERSION = YES_AGGRESSIVE;
				CLANG_CXX_LANGUAGE_STANDARD = "gnu++14";
				CLANG_CXX_LIBRARY = "libc++";
				CLANG_ENABLE_MODULES = YES;
				CLANG_ENABLE_OBJC_ARC = YES;
				CLANG_ENABLE_OBJC_WEAK = YES;
				CLANG_WARN_BLOCK_CAPTURE_AUTORELEASING = YES;
				CLANG_WARN_BOOL_CONVERSION = YES;
				CLANG_WARN_COMMA = YES;
				CLANG_WARN_CONSTANT_CONVERSION = YES;
				CLANG_WARN_DEPRECATED_OBJC_IMPLEMENTATIONS = YES;
				CLANG_WARN_DIRECT_OBJC_ISA_USAGE = YES_ERROR;
				CLANG_WARN_DOCUMENTATION_COMMENTS = YES;
				CLANG_WARN_EMPTY_BODY = YES;
				CLANG_WARN_ENUM_CONVERSION = YES;
				CLANG_WARN_INFINITE_RECURSION = YES;
				CLANG_WARN_INT_CONVERSION = YES;
				CLANG_WARN_NON_LITERAL_NULL_CONVERSION = YES;
				CLANG_WARN_OBJC_IMPLICIT_RETAIN_SELF = YES;
				CLANG_WARN_OBJC_LITERAL_CONVERSION = YES;
				CLANG_WARN_OBJC_ROOT_CLASS = YES_ERROR;
				CLANG_WARN_QUOTED_INCLUDE_IN_FRAMEWORK_HEADER = YES;
				CLANG_WARN_RANGE_LOOP_ANALYSIS = YES;
				CLANG_WARN_STRICT_PROTOTYPES = YES;
				CLANG_WARN_SUSPICIOUS_MOVE = YES;
				CLANG_WARN_UNGUARDED_AVAILABILITY = YES_AGGRESSIVE;
				CLANG_WARN_UNREACHABLE_CODE = YES;
				CLANG_WARN__DUPLICATE_METHOD_MATCH = YES;
				COPY_PHASE_STRIP = NO;
				DEBUG_INFORMATION_FORMAT = dwarf;
				ENABLE_STRICT_OBJC_MSGSEND = YES;
				ENABLE_TESTABILITY = YES;
				GCC_C_LANGUAGE_STANDARD = gnu11;
				GCC_DYNAMIC_NO_PIC = NO;
				GCC_NO_COMMON_BLOCKS = YES;
				GCC_OPTIMIZATION_LEVEL = 0;
				GCC_PREPROCESSOR_DEFINITIONS = (
					"$(inherited)",
					"DEBUG=1",
				);
				GCC_WARN_64_TO_32_BIT_CONVERSION = YES;
				GCC_WARN_ABOUT_RETURN_TYPE = YES_ERROR;
				GCC_WARN_UNDECLARED_SELECTOR = YES;
				GCC_WARN_UNINITIALIZED_AUTOS = YES_AGGRESSIVE;
				GCC_WARN_UNUSED_FUNCTION = YES;
				GCC_WARN_UNUSED_VARIABLE = YES;
				IPHONEOS_DEPLOYMENT_TARGET = 26.0;
				MTL_ENABLE_DEBUG_INFO = INCLUDE_SOURCE;
				MTL_FAST_MATH = YES;
				ONLY_ACTIVE_ARCH = YES;
				PRODUCT_NAME = "$(TARGET_NAME)";
				SDKROOT = iphoneos;
				SWIFT_ACTIVE_COMPILATION_CONDITIONS = DEBUG;
				SWIFT_OPTIMIZATION_LEVEL = "-Onone";
				SWIFT_VERSION = 5.0;
			};
			name = Debug;
		};
/* End XCBuildConfiguration section */

/* Begin XCConfigurationList section */
		480AE0F0433B0FA731E0B8F0 /* Build configuration list for PBXProject "CataAR" */ = {
			isa = XCConfigurationList;
			buildConfigurations = (
				E115AEA609E3093258C96603 /* Debug */,
				99792864CE3D26ED329A2EB4 /* Release */,
			);
			defaultConfigurationIsVisible = 0;
			defaultConfigurationName = Debug;
		};
		CDA1FCD1EEEB78C4E0521D3B /* Build configuration list for PBXNativeTarget "CataARUITests" */ = {
			isa = XCConfigurationList;
			buildConfigurations = (
				30D53BE209163CF3CCD39E88 /* Debug */,
				ABF7CF6B7F9362F91CBC68E5 /* Release */,
			);
			defaultConfigurationIsVisible = 0;
			defaultConfigurationName = Debug;
		};
		D8F1319B39838F2FB54CC45B /* Build configuration list for PBXNativeTarget "CataAR" */ = {
			isa = XCConfigurationList;
			buildConfigurations = (
				25255A06FBB79F451252AF45 /* Debug */,
				D7E339AEF9383F399186B39E /* Release */,
			);
			defaultConfigurationIsVisible = 0;
			defaultConfigurationName = Debug;
		};
/* End XCConfigurationList section */

/* Begin XCLocalSwiftPackageReference section */
		918B374A3FF2A1CD3D083607 /* XCLocalSwiftPackageReference "CataKit" */ = {
			isa = XCLocalSwiftPackageReference;
			relativePath = CataKit;
		};
/* End XCLocalSwiftPackageReference section */

/* Begin XCSwiftPackageProductDependency section */
		6B6F0B5023BF306436F0E7DA /* DesignSystem */ = {
			isa = XCSwiftPackageProductDependency;
			productName = DesignSystem;
		};
		93A8C14852D40EC9BD5BB59E /* Data */ = {
			isa = XCSwiftPackageProductDependency;
			productName = Data;
		};
		AEA46788772B46C7C0EA6B0F /* Domain */ = {
			isa = XCSwiftPackageProductDependency;
			productName = Domain;
		};
		D6B41E0FDE10490E631AC676 /* ContentBundle */ = {
			isa = XCSwiftPackageProductDependency;
			productName = ContentBundle;
		};
		F4D18D39032AFB8A96FF75E8 /* GrapesFeature */ = {
			isa = XCSwiftPackageProductDependency;
			productName = GrapesFeature;
		};
/* End XCSwiftPackageProductDependency section */
	};
	rootObject = 841F21006B9E5EB267DA4433 /* Project object */;
}
